
VisualStudioVersion = 16.0.31112.23
MinimumVisualStudioVersion = 10.0.40219.1
Project("{FAE04EC0-301F-11D3-BF4B-00C04F79EFBC}") = "Form_Validation", "Form_Validation\Form_Validation.csproj", "{CA82B277-BA73-4D5A-BA67-08E205B806C7}"
EndProject
Global
	GlobalSection(SolutionConfigurationPlatforms) = preSolution
		Debug|Any CPU = Debug|Any CPU
		Release|Any CPU = Release|Any CPU
	EndGlobalSection
	GlobalSection(ProjectConfigurationPlatforms) = postSolution
		{CA82B277-BA73-4D5A-BA67-08E205B806C7}.Debug|Any CPU.ActiveCfg = Debug|Any CPU
		{CA82B277-BA73-4D5A-BA67-08E205B806C7}.Debug|Any CPU.Build.0 = Debug|Any CPU
		{CA82B277-BA73-4D5A-BA67-08E205B806C7}.Release|Any CPU.ActiveCfg = Release|Any CPU
		{CA82B277-BA73-4D5A-BA67-08E205B806C7}.Release|Any CPU.Build.0 = Release|Any CPU
	EndGlobalSection
	GlobalSection(SolutionProperties) = preSolution
		HideSolutionNode = FALSE
	EndGlobalSection
	GlobalSection(ExtensibilityGlobals) = postSolution
		SolutionGuid = {DC866CDB-5CC9-404C-9AE7-5C914062292B}
	EndGlobalSection
EndGlobal
